
Microsoft Visual Studio Solution File, Format Version 12.00
# Visual Studio 15
VisualStudioVersion = 15.0.28010.2048
MinimumVisualStudioVersion = 10.0.40219.1
Project("{FAE04EC0-301F-11D3-BF4B-00C04F79EFBC}") = "WebApplication1", "WebApplication1\WebApplication1.csproj", "{6FAA8384-FABE-44FB-9E31-8F3D8D3B0C22}"
EndProject
Global
	GlobalSection(SolutionConfigurationPlatforms) = preSolution
		Debug|Any CPU = Debug|Any CPU
		Release|Any CPU = Release|Any CPU
	EndGlobalSection
	GlobalSection(ProjectConfigurationPlatforms) = postSolution
		{6FAA8384-FABE-44FB-9E31-8F3D8D3B0C22}.Debug|Any CPU.ActiveCfg = Debug|Any CPU
		{6FAA8384-FABE-44FB-9E31-8F3D8D3B0C22}.Debug|Any CPU.Build.0 = Debug|Any CPU
		{6FAA8384-FABE-44FB-9E31-8F3D8D3B0C22}.Release|Any CPU.ActiveCfg = Release|Any CPU
		{6FAA8384-FABE-44FB-9E31-8F3D8D3B0C22}.Release|Any CPU.Build.0 = Release|Any CPU
	EndGlobalSection
	GlobalSection(SolutionProperties) = preSolution
		HideSolutionNode = FALSE
	EndGlobalSection
	GlobalSection(ExtensibilityGlobals) = postSolution
		SolutionGuid = {7CB17B7E-EF5F-48A5-8988-9477826B1E8D}
	EndGlobalSection
EndGlobal
